
Microsoft Visual Studio Solution File, Format Version 12.00
# Visual Studio 15
VisualStudioVersion = 15.0.26430.15
MinimumVisualStudioVersion = 10.0.40219.1
Project("{FAE04EC0-301F-11D3-BF4B-00C04F79EFBC}") = "StudyBuddies.Domain", "StudyBuddies.Model\StudyBuddies.Domain.csproj", "{B4A19554-6CC8-44C1-A50C-24DA53433609}"
EndProject
Project("{FAE04EC0-301F-11D3-BF4B-00C04F79EFBC}") = "StudyBuddies.Data", "StudyBuddies.Data\StudyBuddies.Data.csproj", "{B1B59478-AD10-4DBE-AED6-CC383316D355}"
EndProject
Project("{FAE04EC0-301F-11D3-BF4B-00C04F79EFBC}") = "StudyBuddies.Business", "StudyBuddies.Business\StudyBuddies.Business.csproj", "{2EBD1125-158C-4721-A25E-896A7097A938}"
EndProject
Project("{FAE04EC0-301F-11D3-BF4B-00C04F79EFBC}") = "StudyBuddies.Web", "StudyBuddies.Web\StudyBuddies.Web.csproj", "{96B11D26-03C9-4DB1-B7C2-11D11887FFF5}"
EndProject
Project("{FAE04EC0-301F-11D3-BF4B-00C04F79EFBC}") = "StudyBuddies.Tests", "StudyBuddies.Tests\StudyBuddies.Tests.csproj", "{2FCDA4DD-6E31-4AB6-9C2A-CB2F01C3EEEB}"
EndProject
Project("{FAE04EC0-301F-11D3-BF4B-00C04F79EFBC}") = "StudyBuddies.IdentityServer", "StudyBuddies.IdentityServer\StudyBuddies.IdentityServer.csproj", "{40151ADB-C169-4E0D-9BBE-0781F28A3C69}"
EndProject
Project("{FAE04EC0-301F-11D3-BF4B-00C04F79EFBC}") = "StudyBuddies.Application", "StudyBuddies.Application\StudyBuddies.Application.csproj", "{00494A4B-6F0F-4293-BA54-189FF5933244}"
EndProject
Project("{2150E333-8FDC-42A3-9474-1A3956D46DE8}") = "Server", "Server", "{B87BD8C6-C7F4-4B61-83C3-F4042F469E9A}"
EndProject
Project("{2150E333-8FDC-42A3-9474-1A3956D46DE8}") = "Client", "Client", "{CFE2A50F-5D1A-4831-81AA-3E07A57B88FB}"
EndProject
Project("{FAE04EC0-301F-11D3-BF4B-00C04F79EFBC}") = "StudyBuddies.Host", "StudyBuddies.Host\StudyBuddies.Host.csproj", "{CCFEA3EA-491D-4FE1-90F2-4D0A3AA13937}"
EndProject
Project("{FAE04EC0-301F-11D3-BF4B-00C04F79EFBC}") = "StudyBuddies.Core", "StudyBuddies.Core\StudyBuddies.Core.csproj", "{9AF9C0CE-94A7-4D7E-AFC9-4304407DB8C4}"
EndProject
Global
	GlobalSection(SolutionConfigurationPlatforms) = preSolution
		Debug|Any CPU = Debug|Any CPU
		Release|Any CPU = Release|Any CPU
	EndGlobalSection
	GlobalSection(ProjectConfigurationPlatforms) = postSolution
		{B4A19554-6CC8-44C1-A50C-24DA53433609}.Debug|Any CPU.ActiveCfg = Debug|Any CPU
		{B4A19554-6CC8-44C1-A50C-24DA53433609}.Debug|Any CPU.Build.0 = Debug|Any CPU
		{B4A19554-6CC8-44C1-A50C-24DA53433609}.Release|Any CPU.ActiveCfg = Release|Any CPU
		{B4A19554-6CC8-44C1-A50C-24DA53433609}.Release|Any CPU.Build.0 = Release|Any CPU
		{B1B59478-AD10-4DBE-AED6-CC383316D355}.Debug|Any CPU.ActiveCfg = Debug|Any CPU
		{B1B59478-AD10-4DBE-AED6-CC383316D355}.Debug|Any CPU.Build.0 = Debug|Any CPU
		{B1B59478-AD10-4DBE-AED6-CC383316D355}.Release|Any CPU.ActiveCfg = Release|Any CPU
		{B1B59478-AD10-4DBE-AED6-CC383316D355}.Release|Any CPU.Build.0 = Release|Any CPU
		{2EBD1125-158C-4721-A25E-896A7097A938}.Debug|Any CPU.ActiveCfg = Debug|Any CPU
		{2EBD1125-158C-4721-A25E-896A7097A938}.Debug|Any CPU.Build.0 = Debug|Any CPU
		{2EBD1125-158C-4721-A25E-896A7097A938}.Release|Any CPU.ActiveCfg = Release|Any CPU
		{2EBD1125-158C-4721-A25E-896A7097A938}.Release|Any CPU.Build.0 = Release|Any CPU
		{96B11D26-03C9-4DB1-B7C2-11D11887FFF5}.Debug|Any CPU.ActiveCfg = Debug|Any CPU
		{96B11D26-03C9-4DB1-B7C2-11D11887FFF5}.Debug|Any CPU.Build.0 = Debug|Any CPU
		{96B11D26-03C9-4DB1-B7C2-11D11887FFF5}.Release|Any CPU.ActiveCfg = Release|Any CPU
		{96B11D26-03C9-4DB1-B7C2-11D11887FFF5}.Release|Any CPU.Build.0 = Release|Any CPU
		{2FCDA4DD-6E31-4AB6-9C2A-CB2F01C3EEEB}.Debug|Any CPU.ActiveCfg = Debug|Any CPU
		{2FCDA4DD-6E31-4AB6-9C2A-CB2F01C3EEEB}.Debug|Any CPU.Build.0 = Debug|Any CPU
		{2FCDA4DD-6E31-4AB6-9C2A-CB2F01C3EEEB}.Release|Any CPU.ActiveCfg = Release|Any CPU
		{2FCDA4DD-6E31-4AB6-9C2A-CB2F01C3EEEB}.Release|Any CPU.Build.0 = Release|Any CPU
		{40151ADB-C169-4E0D-9BBE-0781F28A3C69}.Debug|Any CPU.ActiveCfg = Debug|Any CPU
		{40151ADB-C169-4E0D-9BBE-0781F28A3C69}.Debug|Any CPU.Build.0 = Debug|Any CPU
		{40151ADB-C169-4E0D-9BBE-0781F28A3C69}.Release|Any CPU.ActiveCfg = Release|Any CPU
		{40151ADB-C169-4E0D-9BBE-0781F28A3C69}.Release|Any CPU.Build.0 = Release|Any CPU
		{00494A4B-6F0F-4293-BA54-189FF5933244}.Debug|Any CPU.ActiveCfg = Debug|Any CPU
		{00494A4B-6F0F-4293-BA54-189FF5933244}.Debug|Any CPU.Build.0 = Debug|Any CPU
		{00494A4B-6F0F-4293-BA54-189FF5933244}.Release|Any CPU.ActiveCfg = Release|Any CPU
		{00494A4B-6F0F-4293-BA54-189FF5933244}.Release|Any CPU.Build.0 = Release|Any CPU
		{CCFEA3EA-491D-4FE1-90F2-4D0A3AA13937}.Debug|Any CPU.ActiveCfg = Debug|Any CPU
		{CCFEA3EA-491D-4FE1-90F2-4D0A3AA13937}.Debug|Any CPU.Build.0 = Debug|Any CPU
		{CCFEA3EA-491D-4FE1-90F2-4D0A3AA13937}.Release|Any CPU.ActiveCfg = Release|Any CPU
		{CCFEA3EA-491D-4FE1-90F2-4D0A3AA13937}.Release|Any CPU.Build.0 = Release|Any CPU
		{9AF9C0CE-94A7-4D7E-AFC9-4304407DB8C4}.Debug|Any CPU.ActiveCfg = Debug|Any CPU
		{9AF9C0CE-94A7-4D7E-AFC9-4304407DB8C4}.Debug|Any CPU.Build.0 = Debug|Any CPU
		{9AF9C0CE-94A7-4D7E-AFC9-4304407DB8C4}.Release|Any CPU.ActiveCfg = Release|Any CPU
		{9AF9C0CE-94A7-4D7E-AFC9-4304407DB8C4}.Release|Any CPU.Build.0 = Release|Any CPU
	EndGlobalSection
	GlobalSection(SolutionProperties) = preSolution
		HideSolutionNode = FALSE
	EndGlobalSection
	GlobalSection(NestedProjects) = preSolution
		{B4A19554-6CC8-44C1-A50C-24DA53433609} = {B87BD8C6-C7F4-4B61-83C3-F4042F469E9A}
		{B1B59478-AD10-4DBE-AED6-CC383316D355} = {B87BD8C6-C7F4-4B61-83C3-F4042F469E9A}
		{2EBD1125-158C-4721-A25E-896A7097A938} = {B87BD8C6-C7F4-4B61-83C3-F4042F469E9A}
		{96B11D26-03C9-4DB1-B7C2-11D11887FFF5} = {B87BD8C6-C7F4-4B61-83C3-F4042F469E9A}
		{2FCDA4DD-6E31-4AB6-9C2A-CB2F01C3EEEB} = {B87BD8C6-C7F4-4B61-83C3-F4042F469E9A}
		{40151ADB-C169-4E0D-9BBE-0781F28A3C69} = {B87BD8C6-C7F4-4B61-83C3-F4042F469E9A}
		{00494A4B-6F0F-4293-BA54-189FF5933244} = {B87BD8C6-C7F4-4B61-83C3-F4042F469E9A}
		{CCFEA3EA-491D-4FE1-90F2-4D0A3AA13937} = {B87BD8C6-C7F4-4B61-83C3-F4042F469E9A}
		{9AF9C0CE-94A7-4D7E-AFC9-4304407DB8C4} = {B87BD8C6-C7F4-4B61-83C3-F4042F469E9A}
	EndGlobalSection
EndGlobal
