
Microsoft Visual Studio Solution File, Format Version 12.00
# Visual Studio 14
VisualStudioVersion = 14.0.25420.1
MinimumVisualStudioVersion = 10.0.40219.1
Project("{FAE04EC0-301F-11D3-BF4B-00C04F79EFBC}") = "StudyBuddies.Domain", "StudyBuddies.Model\StudyBuddies.Domain.csproj", "{B4A19554-6CC8-44C1-A50C-24DA53433609}"
EndProject
Project("{FAE04EC0-301F-11D3-BF4B-00C04F79EFBC}") = "StudyBuddies.Data", "StudyBuddies.Data\StudyBuddies.Data.csproj", "{B1B59478-AD10-4DBE-AED6-CC383316D355}"
EndProject
Project("{FAE04EC0-301F-11D3-BF4B-00C04F79EFBC}") = "StudyBuddies.Business", "StudyBuddies.Business\StudyBuddies.Business.csproj", "{2EBD1125-158C-4721-A25E-896A7097A938}"
EndProject
Project("{FAE04EC0-301F-11D3-BF4B-00C04F79EFBC}") = "StudyBuddies.Tests", "StudyBuddies.Tests\StudyBuddies.Tests.csproj", "{2FCDA4DD-6E31-4AB6-9C2A-CB2F01C3EEEB}"
EndProject
Project("{FAE04EC0-301F-11D3-BF4B-00C04F79EFBC}") = "StudyBuddies.IdentityServer", "StudyBuddies.IdentityServer\StudyBuddies.IdentityServer.csproj", "{40151ADB-C169-4E0D-9BBE-0781F28A3C69}"
EndProject
Project("{FAE04EC0-301F-11D3-BF4B-00C04F79EFBC}") = "StudyBuddies.Application", "StudyBuddies.Application\StudyBuddies.Application.csproj", "{00494A4B-6F0F-4293-BA54-189FF5933244}"
EndProject
Project("{FAE04EC0-301F-11D3-BF4B-00C04F79EFBC}") = "StudyBuddies.Host", "StudyBuddies.Host\StudyBuddies.Host.csproj", "{CCFEA3EA-491D-4FE1-90F2-4D0A3AA13937}"
EndProject
Project("{FAE04EC0-301F-11D3-BF4B-00C04F79EFBC}") = "StudyBuddies.Core", "StudyBuddies.Core\StudyBuddies.Core.csproj", "{9AF9C0CE-94A7-4D7E-AFC9-4304407DB8C4}"
EndProject
Project("{FAE04EC0-301F-11D3-BF4B-00C04F79EFBC}") = "StudyBuddies.Web", "StudyBuddies.Web\StudyBuddies.Web.csproj", "{840347EA-5FA8-4392-8C68-7CAA139C2443}"
EndProject
Global
	GlobalSection(SolutionConfigurationPlatforms) = preSolution
		Debug|Any CPU = Debug|Any CPU
		Release|Any CPU = Release|Any CPU
	EndGlobalSection
	GlobalSection(ProjectConfigurationPlatforms) = postSolution
		{B4A19554-6CC8-44C1-A50C-24DA53433609}.Debug|Any CPU.ActiveCfg = Debug|Any CPU
		{B4A19554-6CC8-44C1-A50C-24DA53433609}.Debug|Any CPU.Build.0 = Debug|Any CPU
		{B4A19554-6CC8-44C1-A50C-24DA53433609}.Release|Any CPU.ActiveCfg = Release|Any CPU
		{B4A19554-6CC8-44C1-A50C-24DA53433609}.Release|Any CPU.Build.0 = Release|Any CPU
		{B1B59478-AD10-4DBE-AED6-CC383316D355}.Debug|Any CPU.ActiveCfg = Debug|Any CPU
		{B1B59478-AD10-4DBE-AED6-CC383316D355}.Debug|Any CPU.Build.0 = Debug|Any CPU
		{B1B59478-AD10-4DBE-AED6-CC383316D355}.Release|Any CPU.ActiveCfg = Release|Any CPU
		{B1B59478-AD10-4DBE-AED6-CC383316D355}.Release|Any CPU.Build.0 = Release|Any CPU
		{2EBD1125-158C-4721-A25E-896A7097A938}.Debug|Any CPU.ActiveCfg = Debug|Any CPU
		{2EBD1125-158C-4721-A25E-896A7097A938}.Debug|Any CPU.Build.0 = Debug|Any CPU
		{2EBD1125-158C-4721-A25E-896A7097A938}.Release|Any CPU.ActiveCfg = Release|Any CPU
		{2EBD1125-158C-4721-A25E-896A7097A938}.Release|Any CPU.Build.0 = Release|Any CPU
		{2FCDA4DD-6E31-4AB6-9C2A-CB2F01C3EEEB}.Debug|Any CPU.ActiveCfg = Debug|Any CPU
		{2FCDA4DD-6E31-4AB6-9C2A-CB2F01C3EEEB}.Debug|Any CPU.Build.0 = Debug|Any CPU
		{2FCDA4DD-6E31-4AB6-9C2A-CB2F01C3EEEB}.Release|Any CPU.ActiveCfg = Release|Any CPU
		{2FCDA4DD-6E31-4AB6-9C2A-CB2F01C3EEEB}.Release|Any CPU.Build.0 = Release|Any CPU
		{40151ADB-C169-4E0D-9BBE-0781F28A3C69}.Debug|Any CPU.ActiveCfg = Debug|Any CPU
		{40151ADB-C169-4E0D-9BBE-0781F28A3C69}.Debug|Any CPU.Build.0 = Debug|Any CPU
		{40151ADB-C169-4E0D-9BBE-0781F28A3C69}.Release|Any CPU.ActiveCfg = Release|Any CPU
		{40151ADB-C169-4E0D-9BBE-0781F28A3C69}.Release|Any CPU.Build.0 = Release|Any CPU
		{00494A4B-6F0F-4293-BA54-189FF5933244}.Debug|Any CPU.ActiveCfg = Debug|Any CPU
		{00494A4B-6F0F-4293-BA54-189FF5933244}.Debug|Any CPU.Build.0 = Debug|Any CPU
		{00494A4B-6F0F-4293-BA54-189FF5933244}.Release|Any CPU.ActiveCfg = Release|Any CPU
		{00494A4B-6F0F-4293-BA54-189FF5933244}.Release|Any CPU.Build.0 = Release|Any CPU
		{CCFEA3EA-491D-4FE1-90F2-4D0A3AA13937}.Debug|Any CPU.ActiveCfg = Debug|Any CPU
		{CCFEA3EA-491D-4FE1-90F2-4D0A3AA13937}.Debug|Any CPU.Build.0 = Debug|Any CPU
		{CCFEA3EA-491D-4FE1-90F2-4D0A3AA13937}.Release|Any CPU.ActiveCfg = Release|Any CPU
		{CCFEA3EA-491D-4FE1-90F2-4D0A3AA13937}.Release|Any CPU.Build.0 = Release|Any CPU
		{9AF9C0CE-94A7-4D7E-AFC9-4304407DB8C4}.Debug|Any CPU.ActiveCfg = Debug|Any CPU
		{9AF9C0CE-94A7-4D7E-AFC9-4304407DB8C4}.Debug|Any CPU.Build.0 = Debug|Any CPU
		{9AF9C0CE-94A7-4D7E-AFC9-4304407DB8C4}.Release|Any CPU.ActiveCfg = Release|Any CPU
		{9AF9C0CE-94A7-4D7E-AFC9-4304407DB8C4}.Release|Any CPU.Build.0 = Release|Any CPU
		{840347EA-5FA8-4392-8C68-7CAA139C2443}.Debug|Any CPU.ActiveCfg = Debug|Any CPU
		{840347EA-5FA8-4392-8C68-7CAA139C2443}.Debug|Any CPU.Build.0 = Debug|Any CPU
		{840347EA-5FA8-4392-8C68-7CAA139C2443}.Release|Any CPU.ActiveCfg = Release|Any CPU
		{840347EA-5FA8-4392-8C68-7CAA139C2443}.Release|Any CPU.Build.0 = Release|Any CPU
	EndGlobalSection
	GlobalSection(SolutionProperties) = preSolution
		HideSolutionNode = FALSE
	EndGlobalSection
EndGlobal
